
Microsoft Visual Studio Solution File, Format Version 12.00
# Visual Studio Version 16
VisualStudioVersion = 16.0.30503.244
MinimumVisualStudioVersion = 10.0.40219.1
Project("{9A19103F-16F7-4668-BE54-9A1E7A4F7556}") = "OrchardCoreWebApp", "OrchardCoreWebApp\OrchardCoreWebApp.csproj", "{1A0A58F9-83C3-4085-B4D8-9BE0DCE1FE6A}"
EndProject
Project("{9A19103F-16F7-4668-BE54-9A1E7A4F7556}") = "Commentator.OrchardCore", "Commentator.OrchardCore\Commentator.OrchardCore.csproj", "{68862C3A-BDAB-4E13-A171-9B58AB4B7921}"
EndProject
Global
	GlobalSection(SolutionConfigurationPlatforms) = preSolution
		Debug|Any CPU = Debug|Any CPU
		Release|Any CPU = Release|Any CPU
	EndGlobalSection
	GlobalSection(ProjectConfigurationPlatforms) = postSolution
		{1A0A58F9-83C3-4085-B4D8-9BE0DCE1FE6A}.Debug|Any CPU.ActiveCfg = Debug|Any CPU
		{1A0A58F9-83C3-4085-B4D8-9BE0DCE1FE6A}.Debug|Any CPU.Build.0 = Debug|Any CPU
		{1A0A58F9-83C3-4085-B4D8-9BE0DCE1FE6A}.Release|Any CPU.ActiveCfg = Release|Any CPU
		{1A0A58F9-83C3-4085-B4D8-9BE0DCE1FE6A}.Release|Any CPU.Build.0 = Release|Any CPU
		{68862C3A-BDAB-4E13-A171-9B58AB4B7921}.Debug|Any CPU.ActiveCfg = Debug|Any CPU
		{68862C3A-BDAB-4E13-A171-9B58AB4B7921}.Debug|Any CPU.Build.0 = Debug|Any CPU
		{68862C3A-BDAB-4E13-A171-9B58AB4B7921}.Release|Any CPU.ActiveCfg = Release|Any CPU
		{68862C3A-BDAB-4E13-A171-9B58AB4B7921}.Release|Any CPU.Build.0 = Release|Any CPU
	EndGlobalSection
	GlobalSection(SolutionProperties) = preSolution
		HideSolutionNode = FALSE
	EndGlobalSection
	GlobalSection(ExtensibilityGlobals) = postSolution
		SolutionGuid = {521EF0A1-FF36-4FBC-8143-788859D85A98}
	EndGlobalSection
EndGlobal
